
Microsoft Visual Studio Solution File, Format Version 12.00
Project("{FAE04EC0-301F-11D3-BF4B-00C04F79EFBC}") = "BreakingClay", "BreakingClay\BreakingClay.csproj", "{62E40B23-97C7-4F03-AD60-4FCDE99E441F}"
EndProject
Project("{FAE04EC0-301F-11D3-BF4B-00C04F79EFBC}") = "CakeBuild", "CakeBuild\CakeBuild.csproj", "{18D89DB1-3B7E-4809-88F7-4EC71C36FF37}"
EndProject
Global
	GlobalSection(SolutionConfigurationPlatforms) = preSolution
		Debug|Any CPU = Debug|Any CPU
		Release|Any CPU = Release|Any CPU
	EndGlobalSection
	GlobalSection(ProjectConfigurationPlatforms) = postSolution
		{62E40B23-97C7-4F03-AD60-4FCDE99E441F}.Debug|Any CPU.ActiveCfg = Debug|Any CPU
		{62E40B23-97C7-4F03-AD60-4FCDE99E441F}.Debug|Any CPU.Build.0 = Debug|Any CPU
		{62E40B23-97C7-4F03-AD60-4FCDE99E441F}.Release|Any CPU.ActiveCfg = Release|Any CPU
		{62E40B23-97C7-4F03-AD60-4FCDE99E441F}.Release|Any CPU.Build.0 = Release|Any CPU
		{18D89DB1-3B7E-4809-88F7-4EC71C36FF37}.Debug|Any CPU.ActiveCfg = Debug|Any CPU
		{18D89DB1-3B7E-4809-88F7-4EC71C36FF37}.Debug|Any CPU.Build.0 = Debug|Any CPU
		{18D89DB1-3B7E-4809-88F7-4EC71C36FF37}.Release|Any CPU.ActiveCfg = Release|Any CPU
		{18D89DB1-3B7E-4809-88F7-4EC71C36FF37}.Release|Any CPU.Build.0 = Release|Any CPU
	EndGlobalSection
EndGlobal
